
Microsoft Visual Studio Solution File, Format Version 12.00
# Visual Studio Version 16
VisualStudioVersion = 16.0.31205.134
MinimumVisualStudioVersion = 10.0.40219.1
Project("{FAE04EC0-301F-11D3-BF4B-00C04F79EFBC}") = "Roadmap.API", "Roadmap.API\Roadmap.API.csproj", "{7D1467CD-EA8D-4E87-8B8D-C310EA33F5BB}"
EndProject
Project("{FAE04EC0-301F-11D3-BF4B-00C04F79EFBC}") = "Roadmap.Services", "Roadmap.Services\Roadmap.Services.csproj", "{58C4E47E-99CC-492D-B56A-6E304123EB86}"
EndProject
Project("{FAE04EC0-301F-11D3-BF4B-00C04F79EFBC}") = "Roadmap.Domain", "Roadmap.Domain\Roadmap.Domain.csproj", "{420F607E-7B61-4B3F-8401-A1300636DA47}"
EndProject
Global
	GlobalSection(SolutionConfigurationPlatforms) = preSolution
		Debug|Any CPU = Debug|Any CPU
		Release|Any CPU = Release|Any CPU
	EndGlobalSection
	GlobalSection(ProjectConfigurationPlatforms) = postSolution
		{7D1467CD-EA8D-4E87-8B8D-C310EA33F5BB}.Debug|Any CPU.ActiveCfg = Debug|Any CPU
		{7D1467CD-EA8D-4E87-8B8D-C310EA33F5BB}.Debug|Any CPU.Build.0 = Debug|Any CPU
		{7D1467CD-EA8D-4E87-8B8D-C310EA33F5BB}.Release|Any CPU.ActiveCfg = Release|Any CPU
		{7D1467CD-EA8D-4E87-8B8D-C310EA33F5BB}.Release|Any CPU.Build.0 = Release|Any CPU
		{58C4E47E-99CC-492D-B56A-6E304123EB86}.Debug|Any CPU.ActiveCfg = Debug|Any CPU
		{58C4E47E-99CC-492D-B56A-6E304123EB86}.Debug|Any CPU.Build.0 = Debug|Any CPU
		{58C4E47E-99CC-492D-B56A-6E304123EB86}.Release|Any CPU.ActiveCfg = Release|Any CPU
		{58C4E47E-99CC-492D-B56A-6E304123EB86}.Release|Any CPU.Build.0 = Release|Any CPU
		{420F607E-7B61-4B3F-8401-A1300636DA47}.Debug|Any CPU.ActiveCfg = Debug|Any CPU
		{420F607E-7B61-4B3F-8401-A1300636DA47}.Debug|Any CPU.Build.0 = Debug|Any CPU
		{420F607E-7B61-4B3F-8401-A1300636DA47}.Release|Any CPU.ActiveCfg = Release|Any CPU
		{420F607E-7B61-4B3F-8401-A1300636DA47}.Release|Any CPU.Build.0 = Release|Any CPU
	EndGlobalSection
	GlobalSection(SolutionProperties) = preSolution
		HideSolutionNode = FALSE
	EndGlobalSection
	GlobalSection(ExtensibilityGlobals) = postSolution
		SolutionGuid = {35E2DDE0-CAE7-4E6C-938B-0A6C0C0469E6}
	EndGlobalSection
EndGlobal
